
Microsoft Visual Studio Solution File, Format Version 12.00
# Visual Studio Version 16
VisualStudioVersion = 16.0.29806.167
MinimumVisualStudioVersion = 10.0.40219.1
Project("{9A19103F-16F7-4668-BE54-9A1E7A4F7556}") = "Sudoku", "Sudoku\Sudoku.csproj", "{483B20E7-6B02-46CF-A7B5-9249AD0AA704}"
EndProject
Project("{9A19103F-16F7-4668-BE54-9A1E7A4F7556}") = "PuzzleTester", "PuzzleTester\PuzzleTester.csproj", "{DE27B9E0-380D-4217-B704-7967EA05D5F1}"
EndProject
Project("{9A19103F-16F7-4668-BE54-9A1E7A4F7556}") = "BlazingSudoku.Server", "BlazingSudoku\Server\BlazingSudoku.Server.csproj", "{137979B8-C6CF-4ED7-A43D-A445717EBDC6}"
EndProject
Project("{9A19103F-16F7-4668-BE54-9A1E7A4F7556}") = "BlazingSudoku.Client", "BlazingSudoku\Client\BlazingSudoku.Client.csproj", "{2D71C075-D89D-44B7-A835-0FDAFCC914E5}"
EndProject
Project("{9A19103F-16F7-4668-BE54-9A1E7A4F7556}") = "BlazingSudoku.Shared", "BlazingSudoku\Shared\BlazingSudoku.Shared.csproj", "{E48B2C1A-19C1-4545-A0A7-A7C4B25732EC}"
EndProject
Global
	GlobalSection(SolutionConfigurationPlatforms) = preSolution
		Debug|Any CPU = Debug|Any CPU
		Release|Any CPU = Release|Any CPU
	EndGlobalSection
	GlobalSection(ProjectConfigurationPlatforms) = postSolution
		{483B20E7-6B02-46CF-A7B5-9249AD0AA704}.Debug|Any CPU.ActiveCfg = Debug|Any CPU
		{483B20E7-6B02-46CF-A7B5-9249AD0AA704}.Debug|Any CPU.Build.0 = Debug|Any CPU
		{483B20E7-6B02-46CF-A7B5-9249AD0AA704}.Release|Any CPU.ActiveCfg = Release|Any CPU
		{483B20E7-6B02-46CF-A7B5-9249AD0AA704}.Release|Any CPU.Build.0 = Release|Any CPU
		{DE27B9E0-380D-4217-B704-7967EA05D5F1}.Debug|Any CPU.ActiveCfg = Debug|Any CPU
		{DE27B9E0-380D-4217-B704-7967EA05D5F1}.Debug|Any CPU.Build.0 = Debug|Any CPU
		{DE27B9E0-380D-4217-B704-7967EA05D5F1}.Release|Any CPU.ActiveCfg = Release|Any CPU
		{DE27B9E0-380D-4217-B704-7967EA05D5F1}.Release|Any CPU.Build.0 = Release|Any CPU
		{137979B8-C6CF-4ED7-A43D-A445717EBDC6}.Debug|Any CPU.ActiveCfg = Debug|Any CPU
		{137979B8-C6CF-4ED7-A43D-A445717EBDC6}.Debug|Any CPU.Build.0 = Debug|Any CPU
		{137979B8-C6CF-4ED7-A43D-A445717EBDC6}.Release|Any CPU.ActiveCfg = Release|Any CPU
		{137979B8-C6CF-4ED7-A43D-A445717EBDC6}.Release|Any CPU.Build.0 = Release|Any CPU
		{2D71C075-D89D-44B7-A835-0FDAFCC914E5}.Debug|Any CPU.ActiveCfg = Debug|Any CPU
		{2D71C075-D89D-44B7-A835-0FDAFCC914E5}.Debug|Any CPU.Build.0 = Debug|Any CPU
		{2D71C075-D89D-44B7-A835-0FDAFCC914E5}.Release|Any CPU.ActiveCfg = Release|Any CPU
		{2D71C075-D89D-44B7-A835-0FDAFCC914E5}.Release|Any CPU.Build.0 = Release|Any CPU
		{E48B2C1A-19C1-4545-A0A7-A7C4B25732EC}.Debug|Any CPU.ActiveCfg = Debug|Any CPU
		{E48B2C1A-19C1-4545-A0A7-A7C4B25732EC}.Debug|Any CPU.Build.0 = Debug|Any CPU
		{E48B2C1A-19C1-4545-A0A7-A7C4B25732EC}.Release|Any CPU.ActiveCfg = Release|Any CPU
		{E48B2C1A-19C1-4545-A0A7-A7C4B25732EC}.Release|Any CPU.Build.0 = Release|Any CPU
	EndGlobalSection
	GlobalSection(SolutionProperties) = preSolution
		HideSolutionNode = FALSE
	EndGlobalSection
	GlobalSection(ExtensibilityGlobals) = postSolution
		SolutionGuid = {93242785-8D0E-4FFB-9E1E-27468D86EB66}
	EndGlobalSection
EndGlobal
